{
  "version": 4,
  "terraform_version": "1.3.2",
  "serial": 81,
  "lineage": "59439e49-1bd3-b1cf-eba8-1618d98ea869",
  "outputs": {},
  "resources": [
    {
      "mode": "managed",
      "type": "azurerm_subnet",
      "name": "test",
      "provider": "provider[\"registry.terraform.io/hashicorp/azurerm\"]",
      "instances": [
        {
          "schema_version": 0,
          "attributes": {
            "address_prefixes": [
              "10.1.3.0/24"
            ],
            "delegation": [],
            "enforce_private_link_endpoint_network_policies": false,
            "enforce_private_link_service_network_policies": false,
            "id": "/subscriptions/b63121dc-16e7-4b98-93e2-a7f9c6c8bd90/resourceGroups/Academy/providers/Microsoft.Network/virtualNetworks/academy-vnet/subnets/subnet3",
            "name": "subnet3",
            "resource_group_name": "Academy",
            "service_endpoint_policy_ids": [],
            "service_endpoints": [],
            "timeouts": null,
            "virtual_network_name": "academy-vnet"
          },
          "sensitive_attributes": [],
          "private": "eyJlMmJmYjczMC1lY2FhLTExZTYtOGY4OC0zNDM2M2JjN2M0YzAiOnsiY3JlYXRlIjoxODAwMDAwMDAwMDAwLCJkZWxldGUiOjE4MDAwMDAwMDAwMDAsInJlYWQiOjMwMDAwMDAwMDAwMCwidXBkYXRlIjoxODAwMDAwMDAwMDAwfX0="
        }
      ]
    }
  ],
  "check_results": []
}
